
Microsoft Visual Studio Solution File, Format Version 12.00
# Visual Studio Version 16
VisualStudioVersion = 16.0.32228.343
MinimumVisualStudioVersion = 10.0.40219.1
Project("{9A19103F-16F7-4668-BE54-9A1E7A4F7556}") = "Library.Service", "Library.Service\Library.Service.csproj", "{C4F7CB55-5622-488C-B2C8-91C0E14C1B7F}"
EndProject
Project("{9A19103F-16F7-4668-BE54-9A1E7A4F7556}") = "Library.UI", "Library.UI\Library.UI.csproj", "{CC84CC03-EFE6-495A-9799-90746E00DFF0}"
EndProject
Project("{FAE04EC0-301F-11D3-BF4B-00C04F79EFBC}") = "Library.DB", "Library.DB\Library.DB.csproj", "{C03A832B-9742-48FC-A94B-DFB7CA0F078B}"
EndProject
Global
	GlobalSection(SolutionConfigurationPlatforms) = preSolution
		Debug|Any CPU = Debug|Any CPU
		Release|Any CPU = Release|Any CPU
	EndGlobalSection
	GlobalSection(ProjectConfigurationPlatforms) = postSolution
		{C4F7CB55-5622-488C-B2C8-91C0E14C1B7F}.Debug|Any CPU.ActiveCfg = Debug|Any CPU
		{C4F7CB55-5622-488C-B2C8-91C0E14C1B7F}.Debug|Any CPU.Build.0 = Debug|Any CPU
		{C4F7CB55-5622-488C-B2C8-91C0E14C1B7F}.Release|Any CPU.ActiveCfg = Release|Any CPU
		{C4F7CB55-5622-488C-B2C8-91C0E14C1B7F}.Release|Any CPU.Build.0 = Release|Any CPU
		{CC84CC03-EFE6-495A-9799-90746E00DFF0}.Debug|Any CPU.ActiveCfg = Debug|Any CPU
		{CC84CC03-EFE6-495A-9799-90746E00DFF0}.Debug|Any CPU.Build.0 = Debug|Any CPU
		{CC84CC03-EFE6-495A-9799-90746E00DFF0}.Release|Any CPU.ActiveCfg = Release|Any CPU
		{CC84CC03-EFE6-495A-9799-90746E00DFF0}.Release|Any CPU.Build.0 = Release|Any CPU
		{C03A832B-9742-48FC-A94B-DFB7CA0F078B}.Debug|Any CPU.ActiveCfg = Debug|Any CPU
		{C03A832B-9742-48FC-A94B-DFB7CA0F078B}.Debug|Any CPU.Build.0 = Debug|Any CPU
		{C03A832B-9742-48FC-A94B-DFB7CA0F078B}.Release|Any CPU.ActiveCfg = Release|Any CPU
		{C03A832B-9742-48FC-A94B-DFB7CA0F078B}.Release|Any CPU.Build.0 = Release|Any CPU
	EndGlobalSection
	GlobalSection(SolutionProperties) = preSolution
		HideSolutionNode = FALSE
	EndGlobalSection
	GlobalSection(ExtensibilityGlobals) = postSolution
		SolutionGuid = {D178CD51-D238-4A78-8F83-0D9253BE484A}
	EndGlobalSection
EndGlobal
